
Microsoft Visual Studio Solution File, Format Version 12.00
# Visual Studio Version 17
VisualStudioVersion = 17.2.32602.215
MinimumVisualStudioVersion = 10.0.40219.1
Project("{9A19103F-16F7-4668-BE54-9A1E7A4F7556}") = "MazeLib", "MazeLib.csproj", "{BBABF4DB-D2DC-4637-A8BF-E895435BF4A9}"
EndProject
Project("{FAE04EC0-301F-11D3-BF4B-00C04F79EFBC}") = "ConsoleApp", "..\ConsoleApp\ConsoleApp.csproj", "{6A9039D7-1A49-4043-B107-B8455930C28E}"
EndProject
Project("{9A19103F-16F7-4668-BE54-9A1E7A4F7556}") = "ConsoleApp1", "..\ConsoleApp1\ConsoleApp1.csproj", "{7E558809-E6CB-4BD6-8138-D3E90F87CB9B}"
EndProject
Project("{9A19103F-16F7-4668-BE54-9A1E7A4F7556}") = "SecretRandom", "..\SecretRandom\SecretRandom\SecretRandom.csproj", "{A28B5173-6850-43EC-B1A0-F801A20ED95F}"
EndProject
Global
	GlobalSection(SolutionConfigurationPlatforms) = preSolution
		Debug|Any CPU = Debug|Any CPU
		Debug|x64 = Debug|x64
		Debug|x86 = Debug|x86
		Release|Any CPU = Release|Any CPU
		Release|x64 = Release|x64
		Release|x86 = Release|x86
	EndGlobalSection
	GlobalSection(ProjectConfigurationPlatforms) = postSolution
		{BBABF4DB-D2DC-4637-A8BF-E895435BF4A9}.Debug|Any CPU.ActiveCfg = Debug|Any CPU
		{BBABF4DB-D2DC-4637-A8BF-E895435BF4A9}.Debug|Any CPU.Build.0 = Debug|Any CPU
		{BBABF4DB-D2DC-4637-A8BF-E895435BF4A9}.Debug|x64.ActiveCfg = Debug|Any CPU
		{BBABF4DB-D2DC-4637-A8BF-E895435BF4A9}.Debug|x64.Build.0 = Debug|Any CPU
		{BBABF4DB-D2DC-4637-A8BF-E895435BF4A9}.Debug|x86.ActiveCfg = Debug|Any CPU
		{BBABF4DB-D2DC-4637-A8BF-E895435BF4A9}.Debug|x86.Build.0 = Debug|Any CPU
		{BBABF4DB-D2DC-4637-A8BF-E895435BF4A9}.Release|Any CPU.ActiveCfg = Release|Any CPU
		{BBABF4DB-D2DC-4637-A8BF-E895435BF4A9}.Release|Any CPU.Build.0 = Release|Any CPU
		{BBABF4DB-D2DC-4637-A8BF-E895435BF4A9}.Release|x64.ActiveCfg = Release|Any CPU
		{BBABF4DB-D2DC-4637-A8BF-E895435BF4A9}.Release|x64.Build.0 = Release|Any CPU
		{BBABF4DB-D2DC-4637-A8BF-E895435BF4A9}.Release|x86.ActiveCfg = Release|Any CPU
		{BBABF4DB-D2DC-4637-A8BF-E895435BF4A9}.Release|x86.Build.0 = Release|Any CPU
		{6A9039D7-1A49-4043-B107-B8455930C28E}.Debug|Any CPU.ActiveCfg = Debug|Any CPU
		{6A9039D7-1A49-4043-B107-B8455930C28E}.Debug|Any CPU.Build.0 = Debug|Any CPU
		{6A9039D7-1A49-4043-B107-B8455930C28E}.Debug|x64.ActiveCfg = Debug|Any CPU
		{6A9039D7-1A49-4043-B107-B8455930C28E}.Debug|x64.Build.0 = Debug|Any CPU
		{6A9039D7-1A49-4043-B107-B8455930C28E}.Debug|x86.ActiveCfg = Debug|Any CPU
		{6A9039D7-1A49-4043-B107-B8455930C28E}.Debug|x86.Build.0 = Debug|Any CPU
		{6A9039D7-1A49-4043-B107-B8455930C28E}.Release|Any CPU.ActiveCfg = Release|Any CPU
		{6A9039D7-1A49-4043-B107-B8455930C28E}.Release|Any CPU.Build.0 = Release|Any CPU
		{6A9039D7-1A49-4043-B107-B8455930C28E}.Release|x64.ActiveCfg = Release|Any CPU
		{6A9039D7-1A49-4043-B107-B8455930C28E}.Release|x64.Build.0 = Release|Any CPU
		{6A9039D7-1A49-4043-B107-B8455930C28E}.Release|x86.ActiveCfg = Release|Any CPU
		{6A9039D7-1A49-4043-B107-B8455930C28E}.Release|x86.Build.0 = Release|Any CPU
		{7E558809-E6CB-4BD6-8138-D3E90F87CB9B}.Debug|Any CPU.ActiveCfg = Debug|Any CPU
		{7E558809-E6CB-4BD6-8138-D3E90F87CB9B}.Debug|Any CPU.Build.0 = Debug|Any CPU
		{7E558809-E6CB-4BD6-8138-D3E90F87CB9B}.Debug|x64.ActiveCfg = Debug|Any CPU
		{7E558809-E6CB-4BD6-8138-D3E90F87CB9B}.Debug|x64.Build.0 = Debug|Any CPU
		{7E558809-E6CB-4BD6-8138-D3E90F87CB9B}.Debug|x86.ActiveCfg = Debug|Any CPU
		{7E558809-E6CB-4BD6-8138-D3E90F87CB9B}.Debug|x86.Build.0 = Debug|Any CPU
		{7E558809-E6CB-4BD6-8138-D3E90F87CB9B}.Release|Any CPU.ActiveCfg = Release|Any CPU
		{7E558809-E6CB-4BD6-8138-D3E90F87CB9B}.Release|Any CPU.Build.0 = Release|Any CPU
		{7E558809-E6CB-4BD6-8138-D3E90F87CB9B}.Release|x64.ActiveCfg = Release|Any CPU
		{7E558809-E6CB-4BD6-8138-D3E90F87CB9B}.Release|x64.Build.0 = Release|Any CPU
		{7E558809-E6CB-4BD6-8138-D3E90F87CB9B}.Release|x86.ActiveCfg = Release|Any CPU
		{7E558809-E6CB-4BD6-8138-D3E90F87CB9B}.Release|x86.Build.0 = Release|Any CPU
		{A28B5173-6850-43EC-B1A0-F801A20ED95F}.Debug|Any CPU.ActiveCfg = Debug|Any CPU
		{A28B5173-6850-43EC-B1A0-F801A20ED95F}.Debug|Any CPU.Build.0 = Debug|Any CPU
		{A28B5173-6850-43EC-B1A0-F801A20ED95F}.Debug|x64.ActiveCfg = Debug|Any CPU
		{A28B5173-6850-43EC-B1A0-F801A20ED95F}.Debug|x64.Build.0 = Debug|Any CPU
		{A28B5173-6850-43EC-B1A0-F801A20ED95F}.Debug|x86.ActiveCfg = Debug|Any CPU
		{A28B5173-6850-43EC-B1A0-F801A20ED95F}.Debug|x86.Build.0 = Debug|Any CPU
		{A28B5173-6850-43EC-B1A0-F801A20ED95F}.Release|Any CPU.ActiveCfg = Release|Any CPU
		{A28B5173-6850-43EC-B1A0-F801A20ED95F}.Release|Any CPU.Build.0 = Release|Any CPU
		{A28B5173-6850-43EC-B1A0-F801A20ED95F}.Release|x64.ActiveCfg = Release|Any CPU
		{A28B5173-6850-43EC-B1A0-F801A20ED95F}.Release|x64.Build.0 = Release|Any CPU
		{A28B5173-6850-43EC-B1A0-F801A20ED95F}.Release|x86.ActiveCfg = Release|Any CPU
		{A28B5173-6850-43EC-B1A0-F801A20ED95F}.Release|x86.Build.0 = Release|Any CPU
	EndGlobalSection
	GlobalSection(SolutionProperties) = preSolution
		HideSolutionNode = FALSE
	EndGlobalSection
	GlobalSection(ExtensibilityGlobals) = postSolution
		SolutionGuid = {C398C22B-6479-4EE8-BB71-825BA0369BFE}
	EndGlobalSection
EndGlobal
